
Microsoft Visual Studio Solution File, Format Version 12.00
# Visual Studio Version 17
VisualStudioVersion = 17.10.34916.146
MinimumVisualStudioVersion = 10.0.40219.1
Project("{9A19103F-16F7-4668-BE54-9A1E7A4F7556}") = "UtilityDelta.Api", "UtilityDelta.Api\UtilityDelta.Api.csproj", "{8BDE82FF-DC56-468C-9E26-4377D2E2722C}"
EndProject
Project("{9A19103F-16F7-4668-BE54-9A1E7A4F7556}") = "UtilityDelta.Realtime", "UtilityDelta.Realtime\UtilityDelta.Realtime.csproj", "{27F5F547-93C5-44F3-9FE9-A411EC3509EE}"
EndProject
Project("{9A19103F-16F7-4668-BE54-9A1E7A4F7556}") = "UtilityDelta.Api.Tests", "UtilityDelta.Api.Tests\UtilityDelta.Api.Tests.csproj", "{02D1254E-FC24-49E7-AE0C-8D56A5C0A858}"
EndProject
Project("{9A19103F-16F7-4668-BE54-9A1E7A4F7556}") = "UtilityDelta.Api.IntegrationTests", "UtilityDelta.Api.IntegrationTests\UtilityDelta.Api.IntegrationTests.csproj", "{5460F69E-886B-41EF-B64A-D4F0885DED40}"
EndProject
Project("{FAE04EC0-301F-11D3-BF4B-00C04F79EFBC}") = "UtilityDelta.Api.CosmosToOwnDb", "UtilityDelta.Api.CosmosToOwnDb\UtilityDelta.Api.CosmosToOwnDb.csproj", "{84FCA068-F826-4AFC-A51C-F8A979018666}"
EndProject
Project("{FAE04EC0-301F-11D3-BF4B-00C04F79EFBC}") = "UtilityDelta.ChatGpt", "UtilityDelta.ChatGpt\UtilityDelta.ChatGpt.csproj", "{0AC3F00C-0FA8-4A7B-96EE-37EF8F75D737}"
EndProject
Global
	GlobalSection(SolutionConfigurationPlatforms) = preSolution
		Debug|Any CPU = Debug|Any CPU
		Release|Any CPU = Release|Any CPU
	EndGlobalSection
	GlobalSection(ProjectConfigurationPlatforms) = postSolution
		{8BDE82FF-DC56-468C-9E26-4377D2E2722C}.Debug|Any CPU.ActiveCfg = Debug|Any CPU
		{8BDE82FF-DC56-468C-9E26-4377D2E2722C}.Debug|Any CPU.Build.0 = Debug|Any CPU
		{8BDE82FF-DC56-468C-9E26-4377D2E2722C}.Release|Any CPU.ActiveCfg = Release|Any CPU
		{8BDE82FF-DC56-468C-9E26-4377D2E2722C}.Release|Any CPU.Build.0 = Release|Any CPU
		{27F5F547-93C5-44F3-9FE9-A411EC3509EE}.Debug|Any CPU.ActiveCfg = Debug|Any CPU
		{27F5F547-93C5-44F3-9FE9-A411EC3509EE}.Debug|Any CPU.Build.0 = Debug|Any CPU
		{27F5F547-93C5-44F3-9FE9-A411EC3509EE}.Release|Any CPU.ActiveCfg = Release|Any CPU
		{27F5F547-93C5-44F3-9FE9-A411EC3509EE}.Release|Any CPU.Build.0 = Release|Any CPU
		{02D1254E-FC24-49E7-AE0C-8D56A5C0A858}.Debug|Any CPU.ActiveCfg = Debug|Any CPU
		{02D1254E-FC24-49E7-AE0C-8D56A5C0A858}.Debug|Any CPU.Build.0 = Debug|Any CPU
		{02D1254E-FC24-49E7-AE0C-8D56A5C0A858}.Release|Any CPU.ActiveCfg = Release|Any CPU
		{02D1254E-FC24-49E7-AE0C-8D56A5C0A858}.Release|Any CPU.Build.0 = Release|Any CPU
		{5460F69E-886B-41EF-B64A-D4F0885DED40}.Debug|Any CPU.ActiveCfg = Debug|Any CPU
		{5460F69E-886B-41EF-B64A-D4F0885DED40}.Debug|Any CPU.Build.0 = Debug|Any CPU
		{5460F69E-886B-41EF-B64A-D4F0885DED40}.Release|Any CPU.ActiveCfg = Release|Any CPU
		{5460F69E-886B-41EF-B64A-D4F0885DED40}.Release|Any CPU.Build.0 = Release|Any CPU
		{84FCA068-F826-4AFC-A51C-F8A979018666}.Debug|Any CPU.ActiveCfg = Debug|Any CPU
		{84FCA068-F826-4AFC-A51C-F8A979018666}.Debug|Any CPU.Build.0 = Debug|Any CPU
		{84FCA068-F826-4AFC-A51C-F8A979018666}.Release|Any CPU.ActiveCfg = Release|Any CPU
		{84FCA068-F826-4AFC-A51C-F8A979018666}.Release|Any CPU.Build.0 = Release|Any CPU
		{0AC3F00C-0FA8-4A7B-96EE-37EF8F75D737}.Debug|Any CPU.ActiveCfg = Debug|Any CPU
		{0AC3F00C-0FA8-4A7B-96EE-37EF8F75D737}.Debug|Any CPU.Build.0 = Debug|Any CPU
		{0AC3F00C-0FA8-4A7B-96EE-37EF8F75D737}.Release|Any CPU.ActiveCfg = Release|Any CPU
		{0AC3F00C-0FA8-4A7B-96EE-37EF8F75D737}.Release|Any CPU.Build.0 = Release|Any CPU
	EndGlobalSection
	GlobalSection(SolutionProperties) = preSolution
		HideSolutionNode = FALSE
	EndGlobalSection
	GlobalSection(ExtensibilityGlobals) = postSolution
		SolutionGuid = {874DB0CC-8ED0-4D5E-8C5A-34810A481362}
	EndGlobalSection
EndGlobal
